# THIS IS AN AUTOGENERATED FILE. DO NOT EDIT THIS FILE DIRECTLY.
# yarn lockfile v1


"@types/events@*":
  version "1.2.0"
  resolved "https://registry.yarnpkg.com/@types/events/-/events-1.2.0.tgz#81a6731ce4df43619e5c8c945383b3e62a89ea86"

"@types/glob@^5.0.35":
  version "5.0.35"
  resolved "https://registry.yarnpkg.com/@types/glob/-/glob-5.0.35.tgz#1ae151c802cece940443b5ac246925c85189f32a"
  dependencies:
    "@types/events" "*"
    "@types/minimatch" "*"
    "@types/node" "*"

"@types/minimatch@*":
  version "3.0.3"
  resolved "https://registry.yarnpkg.com/@types/minimatch/-/minimatch-3.0.3.tgz#3dca0e3f33b200fc7d1139c0cd96c1268cadfd9d"

"@types/node@*":
  version "10.5.7"
  resolved "https://registry.yarnpkg.com/@types/node/-/node-10.5.7.tgz#960d9feb3ade2233bcc9843c918d740b4f78a7cf"

"@types/node@^10.5.5":
  version "10.5.5"
  resolved "https://registry.yarnpkg.com/@types/node/-/node-10.5.5.tgz#8e84d24e896cd77b0d4f73df274027e3149ec2ba"

array-iterate@^1.0.0:
  version "1.1.2"
  resolved "https://registry.yarnpkg.com/array-iterate/-/array-iterate-1.1.2.tgz#f66a57e84426f8097f4197fbb6c051b8e5cdf7d8"

arrify@^1.0.0:
  version "1.0.1"
  resolved "https://registry.yarnpkg.com/arrify/-/arrify-1.0.1.tgz#898508da2226f380df904728456849c1501a4b0d"

bail@^1.0.0:
  version "1.0.3"
  resolved "https://registry.yarnpkg.com/bail/-/bail-1.0.3.tgz#63cfb9ddbac829b02a3128cd53224be78e6c21a3"

balanced-match@^1.0.0:
  version "1.0.0"
  resolved "https://registry.yarnpkg.com/balanced-match/-/balanced-match-1.0.0.tgz#89b4d199ab2bee49de164ea02b89ce462d71b767"

brace-expansion@^1.1.7:
  version "1.1.11"
  resolved "https://registry.yarnpkg.com/brace-expansion/-/brace-expansion-1.1.11.tgz#3c7fcbf529d87226f3d2f52b966ff5271eb441dd"
  dependencies:
    balanced-match "^1.0.0"
    concat-map "0.0.1"

buffer-from@^1.0.0, buffer-from@^1.1.0:
  version "1.1.1"
  resolved "https://registry.yarnpkg.com/buffer-from/-/buffer-from-1.1.1.tgz#32713bc028f75c02fdb710d7c7bcec1f2c6070ef"

ccount@^1.0.0:
  version "1.0.3"
  resolved "https://registry.yarnpkg.com/ccount/-/ccount-1.0.3.tgz#f1cec43f332e2ea5a569fd46f9f5bde4e6102aff"

character-entities-html4@^1.0.0:
  version "1.1.2"
  resolved "https://registry.yarnpkg.com/character-entities-html4/-/character-entities-html4-1.1.2.tgz#c44fdde3ce66b52e8d321d6c1bf46101f0150610"

character-entities-legacy@^1.0.0:
  version "1.1.2"
  resolved "https://registry.yarnpkg.com/character-entities-legacy/-/character-entities-legacy-1.1.2.tgz#7c6defb81648498222c9855309953d05f4d63a9c"

character-entities@^1.0.0:
  version "1.2.2"
  resolved "https://registry.yarnpkg.com/character-entities/-/character-entities-1.2.2.tgz#58c8f371c0774ef0ba9b2aca5f00d8f100e6e363"

character-reference-invalid@^1.0.0:
  version "1.1.2"
  resolved "https://registry.yarnpkg.com/character-reference-invalid/-/character-reference-invalid-1.1.2.tgz#21e421ad3d84055952dab4a43a04e73cd425d3ed"

collapse-white-space@^1.0.2:
  version "1.0.4"
  resolved "https://registry.yarnpkg.com/collapse-white-space/-/collapse-white-space-1.0.4.tgz#ce05cf49e54c3277ae573036a26851ba430a0091"

concat-map@0.0.1:
  version "0.0.1"
  resolved "https://registry.yarnpkg.com/concat-map/-/concat-map-0.0.1.tgz#d8a96bd77fd68df7793a73036a3ba0d5405d477b"

diff@^3.1.0:
  version "3.5.0"
  resolved "https://registry.yarnpkg.com/diff/-/diff-3.5.0.tgz#800c0dd1e0a8bfbc95835c202ad220fe317e5a12"

extend@^3.0.0:
  version "3.0.2"
  resolved "https://registry.yarnpkg.com/extend/-/extend-3.0.2.tgz#f8b1136b4071fbd8eb140aff858b1019ec2915fa"

fs.realpath@^1.0.0:
  version "1.0.0"
  resolved "https://registry.yarnpkg.com/fs.realpath/-/fs.realpath-1.0.0.tgz#1504ad2523158caa40db4a2787cb01411994ea4f"

glob@^7.1.2:
  version "7.1.2"
  resolved "https://registry.yarnpkg.com/glob/-/glob-7.1.2.tgz#c19c9df9a028702d678612384a6552404c636d15"
  dependencies:
    fs.realpath "^1.0.0"
    inflight "^1.0.4"
    inherits "2"
    minimatch "^3.0.4"
    once "^1.3.0"
    path-is-absolute "^1.0.0"

inflight@^1.0.4:
  version "1.0.6"
  resolved "https://registry.yarnpkg.com/inflight/-/inflight-1.0.6.tgz#49bd6331d7d02d0c09bc910a1075ba8165b56df9"
  dependencies:
    once "^1.3.0"
    wrappy "1"

inherits@2, inherits@^2.0.1:
  version "2.0.3"
  resolved "https://registry.yarnpkg.com/inherits/-/inherits-2.0.3.tgz#633c2c83e3da42a502f52466022480f4208261de"

is-alphabetical@^1.0.0:
  version "1.0.2"
  resolved "https://registry.yarnpkg.com/is-alphabetical/-/is-alphabetical-1.0.2.tgz#1fa6e49213cb7885b75d15862fb3f3d96c884f41"

is-alphanumeric@^1.0.0:
  version "1.0.0"
  resolved "https://registry.yarnpkg.com/is-alphanumeric/-/is-alphanumeric-1.0.0.tgz#4a9cef71daf4c001c1d81d63d140cf53fd6889f4"

is-alphanumerical@^1.0.0:
  version "1.0.2"
  resolved "https://registry.yarnpkg.com/is-alphanumerical/-/is-alphanumerical-1.0.2.tgz#1138e9ae5040158dc6ff76b820acd6b7a181fd40"
  dependencies:
    is-alphabetical "^1.0.0"
    is-decimal "^1.0.0"

is-buffer@^2.0.0:
  version "2.0.3"
  resolved "https://registry.yarnpkg.com/is-buffer/-/is-buffer-2.0.3.tgz#4ecf3fcf749cbd1e472689e109ac66261a25e725"

is-decimal@^1.0.0:
  version "1.0.2"
  resolved "https://registry.yarnpkg.com/is-decimal/-/is-decimal-1.0.2.tgz#894662d6a8709d307f3a276ca4339c8fa5dff0ff"

is-hexadecimal@^1.0.0:
  version "1.0.2"
  resolved "https://registry.yarnpkg.com/is-hexadecimal/-/is-hexadecimal-1.0.2.tgz#b6e710d7d07bb66b98cb8cece5c9b4921deeb835"

is-plain-obj@^1.1.0:
  version "1.1.0"
  resolved "https://registry.yarnpkg.com/is-plain-obj/-/is-plain-obj-1.1.0.tgz#71a50c8429dfca773c92a390a4a03b39fcd51d3e"

is-whitespace-character@^1.0.0:
  version "1.0.2"
  resolved "https://registry.yarnpkg.com/is-whitespace-character/-/is-whitespace-character-1.0.2.tgz#ede53b4c6f6fb3874533751ec9280d01928d03ed"

is-word-character@^1.0.0:
  version "1.0.2"
  resolved "https://registry.yarnpkg.com/is-word-character/-/is-word-character-1.0.2.tgz#46a5dac3f2a1840898b91e576cd40d493f3ae553"

longest-streak@^2.0.1:
  version "2.0.2"
  resolved "https://registry.yarnpkg.com/longest-streak/-/longest-streak-2.0.2.tgz#2421b6ba939a443bb9ffebf596585a50b4c38e2e"

make-error@^1.1.1:
  version "1.3.4"
  resolved "https://registry.yarnpkg.com/make-error/-/make-error-1.3.4.tgz#19978ed575f9e9545d2ff8c13e33b5d18a67d535"

markdown-escapes@^1.0.0:
  version "1.0.2"
  resolved "https://registry.yarnpkg.com/markdown-escapes/-/markdown-escapes-1.0.2.tgz#e639cbde7b99c841c0bacc8a07982873b46d2122"

markdown-table@^1.1.0:
  version "1.1.2"
  resolved "https://registry.yarnpkg.com/markdown-table/-/markdown-table-1.1.2.tgz#c78db948fa879903a41bce522e3b96f801c63786"

mdast-util-compact@^1.0.0:
  version "1.0.1"
  resolved "https://registry.yarnpkg.com/mdast-util-compact/-/mdast-util-compact-1.0.1.tgz#cdb5f84e2b6a2d3114df33bd05d9cb32e3c4083a"
  dependencies:
    unist-util-modify-children "^1.0.0"
    unist-util-visit "^1.1.0"

minimatch@^3.0.4:
  version "3.0.4"
  resolved "https://registry.yarnpkg.com/minimatch/-/minimatch-3.0.4.tgz#5166e286457f03306064be5497e8dbb0c3d32083"
  dependencies:
    brace-expansion "^1.1.7"

minimist@0.0.8:
  version "0.0.8"
  resolved "https://registry.yarnpkg.com/minimist/-/minimist-0.0.8.tgz#857fcabfc3397d2625b8228262e86aa7a011b05d"

minimist@^1.2.0:
  version "1.2.0"
  resolved "https://registry.yarnpkg.com/minimist/-/minimist-1.2.0.tgz#a35008b20f41383eec1fb914f4cd5df79a264284"

mkdirp@^0.5.1:
  version "0.5.1"
  resolved "https://registry.yarnpkg.com/mkdirp/-/mkdirp-0.5.1.tgz#30057438eac6cf7f8c4767f38648d6697d75c903"
  dependencies:
    minimist "0.0.8"

once@^1.3.0:
  version "1.4.0"
  resolved "https://registry.yarnpkg.com/once/-/once-1.4.0.tgz#583b1aa775961d4b113ac17d9c50baef9dd76bd1"
  dependencies:
    wrappy "1"

parse-entities@^1.0.2, parse-entities@^1.1.0:
  version "1.1.2"
  resolved "https://registry.yarnpkg.com/parse-entities/-/parse-entities-1.1.2.tgz#9eaf719b29dc3bd62246b4332009072e01527777"
  dependencies:
    character-entities "^1.0.0"
    character-entities-legacy "^1.0.0"
    character-reference-invalid "^1.0.0"
    is-alphanumerical "^1.0.0"
    is-decimal "^1.0.0"
    is-hexadecimal "^1.0.0"

path-is-absolute@^1.0.0:
  version "1.0.1"
  resolved "https://registry.yarnpkg.com/path-is-absolute/-/path-is-absolute-1.0.1.tgz#174b9268735534ffbc7ace6bf53a5a9e1b5c5f5f"

remark-parse@^5.0.0:
  version "5.0.0"
  resolved "https://registry.yarnpkg.com/remark-parse/-/remark-parse-5.0.0.tgz#4c077f9e499044d1d5c13f80d7a98cf7b9285d95"
  dependencies:
    collapse-white-space "^1.0.2"
    is-alphabetical "^1.0.0"
    is-decimal "^1.0.0"
    is-whitespace-character "^1.0.0"
    is-word-character "^1.0.0"
    markdown-escapes "^1.0.0"
    parse-entities "^1.1.0"
    repeat-string "^1.5.4"
    state-toggle "^1.0.0"
    trim "0.0.1"
    trim-trailing-lines "^1.0.0"
    unherit "^1.0.4"
    unist-util-remove-position "^1.0.0"
    vfile-location "^2.0.0"
    xtend "^4.0.1"

remark-stringify@^5.0.0:
  version "5.0.0"
  resolved "https://registry.yarnpkg.com/remark-stringify/-/remark-stringify-5.0.0.tgz#336d3a4d4a6a3390d933eeba62e8de4bd280afba"
  dependencies:
    ccount "^1.0.0"
    is-alphanumeric "^1.0.0"
    is-decimal "^1.0.0"
    is-whitespace-character "^1.0.0"
    longest-streak "^2.0.1"
    markdown-escapes "^1.0.0"
    markdown-table "^1.1.0"
    mdast-util-compact "^1.0.0"
    parse-entities "^1.0.2"
    repeat-string "^1.5.4"
    state-toggle "^1.0.0"
    stringify-entities "^1.0.1"
    unherit "^1.0.4"
    xtend "^4.0.1"

repeat-string@^1.5.4:
  version "1.6.1"
  resolved "https://registry.yarnpkg.com/repeat-string/-/repeat-string-1.6.1.tgz#8dcae470e1c88abc2d600fff4a776286da75e637"

replace-ext@1.0.0:
  version "1.0.0"
  resolved "https://registry.yarnpkg.com/replace-ext/-/replace-ext-1.0.0.tgz#de63128373fcbf7c3ccfa4de5a480c45a67958eb"

source-map-support@^0.5.6:
  version "0.5.6"
  resolved "https://registry.yarnpkg.com/source-map-support/-/source-map-support-0.5.6.tgz#4435cee46b1aab62b8e8610ce60f788091c51c13"
  dependencies:
    buffer-from "^1.0.0"
    source-map "^0.6.0"

source-map@^0.6.0:
  version "0.6.1"
  resolved "https://registry.yarnpkg.com/source-map/-/source-map-0.6.1.tgz#74722af32e9614e9c287a8d0bbde48b5e2f1a263"

state-toggle@^1.0.0:
  version "1.0.1"
  resolved "https://registry.yarnpkg.com/state-toggle/-/state-toggle-1.0.1.tgz#c3cb0974f40a6a0f8e905b96789eb41afa1cde3a"

stringify-entities@^1.0.1:
  version "1.3.2"
  resolved "https://registry.yarnpkg.com/stringify-entities/-/stringify-entities-1.3.2.tgz#a98417e5471fd227b3e45d3db1861c11caf668f7"
  dependencies:
    character-entities-html4 "^1.0.0"
    character-entities-legacy "^1.0.0"
    is-alphanumerical "^1.0.0"
    is-hexadecimal "^1.0.0"

trim-trailing-lines@^1.0.0:
  version "1.1.1"
  resolved "https://registry.yarnpkg.com/trim-trailing-lines/-/trim-trailing-lines-1.1.1.tgz#e0ec0810fd3c3f1730516b45f49083caaf2774d9"

trim@0.0.1:
  version "0.0.1"
  resolved "https://registry.yarnpkg.com/trim/-/trim-0.0.1.tgz#5858547f6b290757ee95cccc666fb50084c460dd"

trough@^1.0.0:
  version "1.0.3"
  resolved "https://registry.yarnpkg.com/trough/-/trough-1.0.3.tgz#e29bd1614c6458d44869fc28b255ab7857ef7c24"

ts-node@^7.0.0:
  version "7.0.0"
  resolved "https://registry.yarnpkg.com/ts-node/-/ts-node-7.0.0.tgz#a94a13c75e5e1aa6b82814b84c68deb339ba7bff"
  dependencies:
    arrify "^1.0.0"
    buffer-from "^1.1.0"
    diff "^3.1.0"
    make-error "^1.1.1"
    minimist "^1.2.0"
    mkdirp "^0.5.1"
    source-map-support "^0.5.6"
    yn "^2.0.0"

typescript@^3.0.1:
  version "3.0.1"
  resolved "https://registry.yarnpkg.com/typescript/-/typescript-3.0.1.tgz#43738f29585d3a87575520a4b93ab6026ef11fdb"

unherit@^1.0.4:
  version "1.1.1"
  resolved "https://registry.yarnpkg.com/unherit/-/unherit-1.1.1.tgz#132748da3e88eab767e08fabfbb89c5e9d28628c"
  dependencies:
    inherits "^2.0.1"
    xtend "^4.0.1"

unified@^7.0.0:
  version "7.0.0"
  resolved "https://registry.yarnpkg.com/unified/-/unified-7.0.0.tgz#9c8f4fcee78f8e7e895f0e3d6adb53bd015e1a53"
  dependencies:
    bail "^1.0.0"
    extend "^3.0.0"
    is-plain-obj "^1.1.0"
    trough "^1.0.0"
    vfile "^3.0.0"
    x-is-string "^0.1.0"

unist-util-is@^2.1.2:
  version "2.1.2"
  resolved "https://registry.yarnpkg.com/unist-util-is/-/unist-util-is-2.1.2.tgz#1193fa8f2bfbbb82150633f3a8d2eb9a1c1d55db"

unist-util-modify-children@^1.0.0:
  version "1.1.2"
  resolved "https://registry.yarnpkg.com/unist-util-modify-children/-/unist-util-modify-children-1.1.2.tgz#c7f1b91712554ee59c47a05b551ed3e052a4e2d1"
  dependencies:
    array-iterate "^1.0.0"

unist-util-remove-position@^1.0.0:
  version "1.1.2"
  resolved "https://registry.yarnpkg.com/unist-util-remove-position/-/unist-util-remove-position-1.1.2.tgz#86b5dad104d0bbfbeb1db5f5c92f3570575c12cb"
  dependencies:
    unist-util-visit "^1.1.0"

unist-util-stringify-position@^1.0.0, unist-util-stringify-position@^1.1.1:
  version "1.1.2"
  resolved "https://registry.yarnpkg.com/unist-util-stringify-position/-/unist-util-stringify-position-1.1.2.tgz#3f37fcf351279dcbca7480ab5889bb8a832ee1c6"

unist-util-visit-parents@^2.0.0:
  version "2.0.1"
  resolved "https://registry.yarnpkg.com/unist-util-visit-parents/-/unist-util-visit-parents-2.0.1.tgz#63fffc8929027bee04bfef7d2cce474f71cb6217"
  dependencies:
    unist-util-is "^2.1.2"

unist-util-visit@^1.1.0:
  version "1.4.0"
  resolved "https://registry.yarnpkg.com/unist-util-visit/-/unist-util-visit-1.4.0.tgz#1cb763647186dc26f5e1df5db6bd1e48b3cc2fb1"
  dependencies:
    unist-util-visit-parents "^2.0.0"

vfile-location@^2.0.0:
  version "2.0.3"
  resolved "https://registry.yarnpkg.com/vfile-location/-/vfile-location-2.0.3.tgz#083ba80e50968e8d420be49dd1ea9a992131df77"

vfile-message@^1.0.0:
  version "1.0.1"
  resolved "https://registry.yarnpkg.com/vfile-message/-/vfile-message-1.0.1.tgz#51a2ccd8a6b97a7980bb34efb9ebde9632e93677"
  dependencies:
    unist-util-stringify-position "^1.1.1"

vfile@^3.0.0:
  version "3.0.0"
  resolved "https://registry.yarnpkg.com/vfile/-/vfile-3.0.0.tgz#e0995335fdafbefe0c3d59a42868d413c0409031"
  dependencies:
    is-buffer "^2.0.0"
    replace-ext "1.0.0"
    unist-util-stringify-position "^1.0.0"
    vfile-message "^1.0.0"

wrappy@1:
  version "1.0.2"
  resolved "https://registry.yarnpkg.com/wrappy/-/wrappy-1.0.2.tgz#b5243d8f3ec1aa35f1364605bc0d1036e30ab69f"

x-is-string@^0.1.0:
  version "0.1.0"
  resolved "https://registry.yarnpkg.com/x-is-string/-/x-is-string-0.1.0.tgz#474b50865af3a49a9c4657f05acd145458f77d82"

xtend@^4.0.1:
  version "4.0.1"
  resolved "https://registry.yarnpkg.com/xtend/-/xtend-4.0.1.tgz#a5c6d532be656e23db820efb943a1f04998d63af"

yn@^2.0.0:
  version "2.0.0"
  resolved "https://registry.yarnpkg.com/yn/-/yn-2.0.0.tgz#e5adabc8acf408f6385fc76495684c88e6af689a"
